
Microsoft Visual Studio Solution File, Format Version 12.00
# Visual Studio 15
VisualStudioVersion = 15.0.28307.168
MinimumVisualStudioVersion = 10.0.40219.1
Project("{9A19103F-16F7-4668-BE54-9A1E7A4F7556}") = "kotmwParser", "kotmwParser\kotmwParser.csproj", "{4E02497E-D171-42DF-9145-C216C2A69766}"
EndProject
Global
	GlobalSection(SolutionConfigurationPlatforms) = preSolution
		Debug|Any CPU = Debug|Any CPU
		Release|Any CPU = Release|Any CPU
	EndGlobalSection
	GlobalSection(ProjectConfigurationPlatforms) = postSolution
		{4E02497E-D171-42DF-9145-C216C2A69766}.Debug|Any CPU.ActiveCfg = Debug|Any CPU
		{4E02497E-D171-42DF-9145-C216C2A69766}.Debug|Any CPU.Build.0 = Debug|Any CPU
		{4E02497E-D171-42DF-9145-C216C2A69766}.Release|Any CPU.ActiveCfg = Release|Any CPU
		{4E02497E-D171-42DF-9145-C216C2A69766}.Release|Any CPU.Build.0 = Release|Any CPU
	EndGlobalSection
	GlobalSection(SolutionProperties) = preSolution
		HideSolutionNode = FALSE
	EndGlobalSection
	GlobalSection(ExtensibilityGlobals) = postSolution
		SolutionGuid = {4B861C17-F3A2-418D-85FA-BBDB44D061B9}
	EndGlobalSection
EndGlobal
